{
  "nodes": {
    "gen-prelude": {
      "locked": {
        "lastModified": 1782514779,
        "narHash": "sha256-nLe56nUrFBbCGl9uj/v0NghwNIApWX2eys/4N3GEWk4=",
        "owner": "sini",
        "repo": "gen-prelude",
        "rev": "da654d0e0b93782775244cfa08d42177ce0d0876",
        "type": "github"
      },
      "original": {
        "owner": "sini",
        "repo": "gen-prelude",
        "type": "github"
      }
    },
    "root": {
      "inputs": {
        "gen-prelude": "gen-prelude"
      }
    }
  },
  "root": "root",
  "version": 7
}
